{
  "originHash" : "69c160b71d231ed74edd8394aa3aaf4edeb3badf961358c94271784f7715f5b7",
  "pins" : [
    {
      "identity" : "flatbuffers",
      "kind" : "remoteSourceControl",
      "location" : "https://github.com/google/flatbuffers.git",
      "state" : {
        "revision" : "1c514626e83c20fffa8557e75641848e1e15cd5e",
        "version" : "25.2.10"
      }
    },
    {
      "identity" : "sdk",
      "kind" : "remoteSourceControl",
      "location" : "https://github.com/open-meteo/sdk.git",
      "state" : {
        "branch" : "main",
        "revision" : "9ccef10f82314dc5ad0c528e661b6a479ace89aa"
      }
    }
  ],
  "version" : 3
}
